{
    "name": "breadwatch",
    "version": "1.0.0",
    "lockfileVersion": 1,
    "requires": true,
    "dependencies": {
        "interact.js": {
            "version": "1.2.8",
            "resolved": "https://registry.npmjs.org/interact.js/-/interact.js-1.2.8.tgz",
            "integrity": "sha512-VXUfuD1xCq97yYfp0qi5D+dkEBKsvSkOaoIQuWualzrHh5oVF6IbEc8jZRpfnooQShFJNPBdoDhN6SBKAdEJ6Q=="
        },
        "js-tokens": {
            "version": "4.0.0",
            "resolved": "https://registry.npmjs.org/js-tokens/-/js-tokens-4.0.0.tgz",
            "integrity": "sha512-RdJUflcE3cUzKiMqQgsCu06FPu9UdIJO0beYbPhHN4k6apgJtifcoCtT9bcxOpYBtpD2kCM6Sbzg4CausW/PKQ=="
        },
        "loose-envify": {
            "version": "1.4.0",
            "resolved": "https://registry.npmjs.org/loose-envify/-/loose-envify-1.4.0.tgz",
            "integrity": "sha512-lyuxPGr/Wfhrlem2CL/UcnUc1zcqKAImBDzukY7Y5F/yQiNdko6+fRLevlw1HgMySw7f611UIY408EtxRSoK3Q==",
            "requires": {
                "js-tokens": "^3.0.0 || ^4.0.0"
            }
        },
        "react": {
            "version": "18.1.0",
            "resolved": "https://registry.npmjs.org/react/-/react-18.1.0.tgz",
            "integrity": "sha512-4oL8ivCz5ZEPyclFQXaNksK3adutVS8l2xzZU0cqEFrE9Sb7fC0EFK5uEk74wIreL1DERyjvsU915j1pcT2uEQ==",
            "requires": {
                "loose-envify": "^1.1.0"
            }
        },
        "react-charting": {
            "version": "0.1.12",
            "resolved": "https://registry.npmjs.org/react-charting/-/react-charting-0.1.12.tgz",
            "integrity": "sha512-La0SIGgtmPUKh+wxlDzyrYWAX+Q9kNhkoYovpZIGac2YHxQqLO8IHKLCh7M51pLTtzJ4hd2OrB/+wu9t9YL5wA==",
            "requires": {
                "interact.js": "^1.2.8",
                "react": ">=0.14.7",
                "react-dom": ">=0.14.7"
            }
        },
        "react-dom": {
            "version": "18.1.0",
            "resolved": "https://registry.npmjs.org/react-dom/-/react-dom-18.1.0.tgz",
            "integrity": "sha512-fU1Txz7Budmvamp7bshe4Zi32d0ll7ect+ccxNu9FlObT605GOEB8BfO4tmRJ39R5Zj831VCpvQ05QPBW5yb+w==",
            "requires": {
                "loose-envify": "^1.1.0",
                "scheduler": "^0.22.0"
            }
        },
        "scheduler": {
            "version": "0.22.0",
            "resolved": "https://registry.npmjs.org/scheduler/-/scheduler-0.22.0.tgz",
            "integrity": "sha512-6QAm1BgQI88NPYymgGQLCZgvep4FyePDWFpXVK+zNSUgHwlqpJy8VEh8Et0KxTACS4VWwMousBElAZOH9nkkoQ==",
            "requires": {
                "loose-envify": "^1.1.0"
            }
        }
    }
}
